
Microsoft Visual Studio Solution File, Format Version 12.00
# Visual Studio Version 16
VisualStudioVersion = 16.0.31025.194
MinimumVisualStudioVersion = 10.0.40219.1
Project("{FAE04EC0-301F-11D3-BF4B-00C04F79EFBC}") = "Laba2ValiaPart2", "Laba2ValiaPart2.csproj", "{3CA7D6A2-7AD3-44A9-AE97-58A461B0F810}"
EndProject
Global
	GlobalSection(SolutionConfigurationPlatforms) = preSolution
		Debug|Any CPU = Debug|Any CPU
		Release|Any CPU = Release|Any CPU
	EndGlobalSection
	GlobalSection(ProjectConfigurationPlatforms) = postSolution
		{3CA7D6A2-7AD3-44A9-AE97-58A461B0F810}.Debug|Any CPU.ActiveCfg = Debug|Any CPU
		{3CA7D6A2-7AD3-44A9-AE97-58A461B0F810}.Debug|Any CPU.Build.0 = Debug|Any CPU
		{3CA7D6A2-7AD3-44A9-AE97-58A461B0F810}.Release|Any CPU.ActiveCfg = Release|Any CPU
		{3CA7D6A2-7AD3-44A9-AE97-58A461B0F810}.Release|Any CPU.Build.0 = Release|Any CPU
	EndGlobalSection
	GlobalSection(SolutionProperties) = preSolution
		HideSolutionNode = FALSE
	EndGlobalSection
	GlobalSection(ExtensibilityGlobals) = postSolution
		SolutionGuid = {35684D55-A1E8-4CFB-93DA-3ED589613C8A}
	EndGlobalSection
EndGlobal
